{
  "object": {
    "pins": [
      {
        "package": "SwiftUI-NavigationStack",
        "repositoryURL": "/Users/alessandro/Work/Alessandro/GitHub/SwiftUI-NavigationStack",
        "state": {
          "branch": "master",
          "revision": "8f45c447deb404ea83399b9a3e358444919ad221",
          "version": null
        }
      }
    ]
  },
  "version": 1
}
