{
  "object": {
    "pins": [
      {
        "package": "SwiftUI-NavigationStack",
        "repositoryURL": "/Users/alessandro/Work/Alessandro/GitHub/SwiftUI-NavigationStack",
        "state": {
          "branch": "master",
          "revision": "66e32f0bfd93ddebb52bc3f2b341a0c61a435a35",
          "version": null
        }
      }
    ]
  },
  "version": 1
}
